
Microsoft Visual Studio Solution File, Format Version 12.00
# Visual Studio Version 17
VisualStudioVersion = 17.7.34302.85
MinimumVisualStudioVersion = 10.0.40219.1
Project("{FAE04EC0-301F-11D3-BF4B-00C04F79EFBC}") = "HelloWorld", "HelloWorld\HelloWorld.csproj", "{980D8371-224A-457E-B452-44DAEE4A9AFC}"
EndProject
Global
	GlobalSection(SolutionConfigurationPlatforms) = preSolution
		Debug|Any CPU = Debug|Any CPU
		Release|Any CPU = Release|Any CPU
	EndGlobalSection
	GlobalSection(ProjectConfigurationPlatforms) = postSolution
		{980D8371-224A-457E-B452-44DAEE4A9AFC}.Debug|Any CPU.ActiveCfg = Debug|Any CPU
		{980D8371-224A-457E-B452-44DAEE4A9AFC}.Debug|Any CPU.Build.0 = Debug|Any CPU
		{980D8371-224A-457E-B452-44DAEE4A9AFC}.Release|Any CPU.ActiveCfg = Release|Any CPU
		{980D8371-224A-457E-B452-44DAEE4A9AFC}.Release|Any CPU.Build.0 = Release|Any CPU
	EndGlobalSection
	GlobalSection(SolutionProperties) = preSolution
		HideSolutionNode = FALSE
	EndGlobalSection
	GlobalSection(ExtensibilityGlobals) = postSolution
		SolutionGuid = {CF570E26-4350-44DD-ABF9-154867609474}
	EndGlobalSection
EndGlobal
